
Microsoft Visual Studio Solution File, Format Version 12.00
# Visual Studio Version 17
VisualStudioVersion = 17.11.35327.3
MinimumVisualStudioVersion = 10.0.40219.1
Project("{9A19103F-16F7-4668-BE54-9A1E7A4F7556}") = "IM.ProfileManagement", "IM-ProfileManagement\IM.ProfileManagement.csproj", "{912D32F3-6006-4046-9301-FF1B958D1337}"
EndProject
Project("{2150E333-8FDC-42A3-9474-1A3956D46DE8}") = "src", "src", "{49B9DA9C-7B1B-4F2A-BFEE-DE9714AD38EF}"
EndProject
Project("{2150E333-8FDC-42A3-9474-1A3956D46DE8}") = "API", "API", "{B8E3CBEE-CA2A-407C-BF07-C09F101F0C9C}"
EndProject
Project("{9A19103F-16F7-4668-BE54-9A1E7A4F7556}") = "IM.ProfileManagement.Application", "IM.ProfileManagement.Application\IM.ProfileManagement.Application.csproj", "{745CE16D-66A0-4DE4-8C19-5732070DF91A}"
EndProject
Project("{2150E333-8FDC-42A3-9474-1A3956D46DE8}") = "Core", "Core", "{159A8458-1F79-425B-A02A-DAEF805B713B}"
EndProject
Project("{2150E333-8FDC-42A3-9474-1A3956D46DE8}") = "Infrastructure", "Infrastructure", "{80D3A92B-DFD1-41AF-8B42-E9D036BB2FE2}"
EndProject
Project("{9A19103F-16F7-4668-BE54-9A1E7A4F7556}") = "IM.ProfileManagment.Persistance", "IM.ProfileManagment.Persistance\IM.ProfileManagment.Persistance.csproj", "{FBDE980B-4BE3-4D64-B204-F048584C38BA}"
EndProject
Project("{FAE04EC0-301F-11D3-BF4B-00C04F79EFBC}") = "IM.ProfileManagemnet.Domain", "IM.ProfileManagemnet.Domain\IM.ProfileManagemnet.Domain.csproj", "{91C0E99A-C3F3-485C-80F8-A91AAA0628E8}"
EndProject
Project("{FAE04EC0-301F-11D3-BF4B-00C04F79EFBC}") = "IM.ProfileManagement.Infrastructure", "IM.ProfileManagement.Infrastructure\IM.ProfileManagement.Infrastructure.csproj", "{92291EA4-12F7-4C33-B0F2-ECD13B311791}"
EndProject
Global
	GlobalSection(SolutionConfigurationPlatforms) = preSolution
		Debug|Any CPU = Debug|Any CPU
		Release|Any CPU = Release|Any CPU
	EndGlobalSection
	GlobalSection(ProjectConfigurationPlatforms) = postSolution
		{912D32F3-6006-4046-9301-FF1B958D1337}.Debug|Any CPU.ActiveCfg = Debug|Any CPU
		{912D32F3-6006-4046-9301-FF1B958D1337}.Debug|Any CPU.Build.0 = Debug|Any CPU
		{912D32F3-6006-4046-9301-FF1B958D1337}.Release|Any CPU.ActiveCfg = Release|Any CPU
		{912D32F3-6006-4046-9301-FF1B958D1337}.Release|Any CPU.Build.0 = Release|Any CPU
		{745CE16D-66A0-4DE4-8C19-5732070DF91A}.Debug|Any CPU.ActiveCfg = Debug|Any CPU
		{745CE16D-66A0-4DE4-8C19-5732070DF91A}.Debug|Any CPU.Build.0 = Debug|Any CPU
		{745CE16D-66A0-4DE4-8C19-5732070DF91A}.Release|Any CPU.ActiveCfg = Release|Any CPU
		{745CE16D-66A0-4DE4-8C19-5732070DF91A}.Release|Any CPU.Build.0 = Release|Any CPU
		{FBDE980B-4BE3-4D64-B204-F048584C38BA}.Debug|Any CPU.ActiveCfg = Debug|Any CPU
		{FBDE980B-4BE3-4D64-B204-F048584C38BA}.Debug|Any CPU.Build.0 = Debug|Any CPU
		{FBDE980B-4BE3-4D64-B204-F048584C38BA}.Release|Any CPU.ActiveCfg = Release|Any CPU
		{FBDE980B-4BE3-4D64-B204-F048584C38BA}.Release|Any CPU.Build.0 = Release|Any CPU
		{91C0E99A-C3F3-485C-80F8-A91AAA0628E8}.Debug|Any CPU.ActiveCfg = Debug|Any CPU
		{91C0E99A-C3F3-485C-80F8-A91AAA0628E8}.Debug|Any CPU.Build.0 = Debug|Any CPU
		{91C0E99A-C3F3-485C-80F8-A91AAA0628E8}.Release|Any CPU.ActiveCfg = Release|Any CPU
		{91C0E99A-C3F3-485C-80F8-A91AAA0628E8}.Release|Any CPU.Build.0 = Release|Any CPU
		{92291EA4-12F7-4C33-B0F2-ECD13B311791}.Debug|Any CPU.ActiveCfg = Debug|Any CPU
		{92291EA4-12F7-4C33-B0F2-ECD13B311791}.Debug|Any CPU.Build.0 = Debug|Any CPU
		{92291EA4-12F7-4C33-B0F2-ECD13B311791}.Release|Any CPU.ActiveCfg = Release|Any CPU
		{92291EA4-12F7-4C33-B0F2-ECD13B311791}.Release|Any CPU.Build.0 = Release|Any CPU
	EndGlobalSection
	GlobalSection(SolutionProperties) = preSolution
		HideSolutionNode = FALSE
	EndGlobalSection
	GlobalSection(NestedProjects) = preSolution
		{912D32F3-6006-4046-9301-FF1B958D1337} = {B8E3CBEE-CA2A-407C-BF07-C09F101F0C9C}
		{B8E3CBEE-CA2A-407C-BF07-C09F101F0C9C} = {49B9DA9C-7B1B-4F2A-BFEE-DE9714AD38EF}
		{745CE16D-66A0-4DE4-8C19-5732070DF91A} = {159A8458-1F79-425B-A02A-DAEF805B713B}
		{159A8458-1F79-425B-A02A-DAEF805B713B} = {49B9DA9C-7B1B-4F2A-BFEE-DE9714AD38EF}
		{80D3A92B-DFD1-41AF-8B42-E9D036BB2FE2} = {49B9DA9C-7B1B-4F2A-BFEE-DE9714AD38EF}
		{FBDE980B-4BE3-4D64-B204-F048584C38BA} = {80D3A92B-DFD1-41AF-8B42-E9D036BB2FE2}
		{91C0E99A-C3F3-485C-80F8-A91AAA0628E8} = {159A8458-1F79-425B-A02A-DAEF805B713B}
		{92291EA4-12F7-4C33-B0F2-ECD13B311791} = {80D3A92B-DFD1-41AF-8B42-E9D036BB2FE2}
	EndGlobalSection
	GlobalSection(ExtensibilityGlobals) = postSolution
		SolutionGuid = {C3BC4F0F-831E-4514-B6FF-182EF7677F92}
	EndGlobalSection
EndGlobal
